{
  "name": "recommendation-manager",
  "version": "1.0.0",
  "lockfileVersion": 3,
  "requires": true,
  "packages": {
    "": {
      "name": "recommendation-manager",
      "version": "1.0.0",
      "license": "MIT",
      "dependencies": {
        "@types/google-apps-script": "^1.0.82"
      },
      "devDependencies": {
        "prettier": "3.2.5"
      }
    },
    "node_modules/@types/google-apps-script": {
      "version": "1.0.82",
      "resolved": "https://registry.npmjs.org/@types/google-apps-script/-/google-apps-script-1.0.82.tgz",
      "integrity": "sha512-umYZj3h057s/sF3aGo0JDiuXLVkqj2rfu6D+OzHlYjKV1fGCjL62L1tndSxe4h7oiHEEgdubFkOLZ7O6xB3L9g=="
    },
    "node_modules/prettier": {
      "version": "3.2.5",
      "resolved": "https://registry.npmjs.org/prettier/-/prettier-3.2.5.tgz",
      "integrity": "sha512-3/GWa9aOC0YeD7LUfvOG2NiDyhOWRvt1k+rcKhOuYnMY24iiCphgneUfJDyFXd6rZCAnuLBv6UeAULtrhT/F4A==",
      "dev": true,
      "bin": {
        "prettier": "bin/prettier.cjs"
      },
      "engines": {
        "node": ">=14"
      },
      "funding": {
        "url": "https://github.com/prettier/prettier?sponsor=1"
      }
    }
  }
}
